
Microsoft Visual Studio Solution File, Format Version 12.00
# Visual Studio Version 17
VisualStudioVersion = 17.0.31912.275
MinimumVisualStudioVersion = 10.0.40219.1
Project("{FAE04EC0-301F-11D3-BF4B-00C04F79EFBC}") = "InventoryService", "InventoryService\InventoryService.csproj", "{A1724D73-E23E-4719-8D40-F6ABCF4C642A}"
EndProject
Global
	GlobalSection(SolutionConfigurationPlatforms) = preSolution
		Debug|Any CPU = Debug|Any CPU
		Release|Any CPU = Release|Any CPU
	EndGlobalSection
	GlobalSection(ProjectConfigurationPlatforms) = postSolution
		{A1724D73-E23E-4719-8D40-F6ABCF4C642A}.Debug|Any CPU.ActiveCfg = Debug|Any CPU
		{A1724D73-E23E-4719-8D40-F6ABCF4C642A}.Debug|Any CPU.Build.0 = Debug|Any CPU
		{A1724D73-E23E-4719-8D40-F6ABCF4C642A}.Release|Any CPU.ActiveCfg = Release|Any CPU
		{A1724D73-E23E-4719-8D40-F6ABCF4C642A}.Release|Any CPU.Build.0 = Release|Any CPU
	EndGlobalSection
	GlobalSection(SolutionProperties) = preSolution
		HideSolutionNode = FALSE
	EndGlobalSection
	GlobalSection(ExtensibilityGlobals) = postSolution
		SolutionGuid = {8248A382-5B6F-4DBF-A993-8769EE2142EC}
	EndGlobalSection
EndGlobal
